// !$*UTF8*$!
{
	archiveVersion = 1;
	classes = {
	};
	objectVersion = 50;
	objects = {

/* Begin PBXBuildFile section */
		7DD9A97020E10AD8000D1AEC /* AppDelegate.swift in Sources */ = {isa = PBXBuildFile; fileRef = 7DD9A96F20E10AD8000D1AEC /* AppDelegate.swift */; };
		7DD9A97220E10AD8000D1AEC /* ViewController.swift in Sources */ = {isa = PBXBuildFile; fileRef = 7DD9A97120E10AD8000D1AEC /* ViewController.swift */; };
		7DD9A97520E10AD8000D1AEC /* Main.storyboard in Resources */ = {isa = PBXBuildFile; fileRef = 7DD9A97320E10AD8000D1AEC /* Main.storyboard */; };
		7DD9A97820E10AD8000D1AEC /* aula13.xcdatamodeld in Sources */ = {isa = PBXBuildFile; fileRef = 7DD9A97620E10AD8000D1AEC /* aula13.xcdatamodeld */; };
		7DD9A97A20E10ADA000D1AEC /* Assets.xcassets in Resources */ = {isa = PBXBuildFile; fileRef = 7DD9A97920E10ADA000D1AEC /* Assets.xcassets */; };
		7DD9A97D20E10ADA000D1AEC /* LaunchScreen.storyboard in Resources */ = {isa = PBXBuildFile; fileRef = 7DD9A97B20E10ADA000D1AEC /* LaunchScreen.storyboard */; };
/* End PBXBuildFile section */

/* Begin PBXFileReference section */
		7DD9A96C20E10AD8000D1AEC /* aula13.app */ = {isa = PBXFileReference; explicitFileType = wrapper.application; includeInIndex = 0; path = aula13.app; sourceTree = BUILT_PRODUCTS_DIR; };
		7DD9A96F20E10AD8000D1AEC /* AppDelegate.swift */ = {isa = PBXFileReference; lastKnownFileType = sourcecode.swift; path = AppDelegate.swift; sourceTree = "<group>"; };
		7DD9A97120E10AD8000D1AEC /* ViewController.swift */ = {isa = PBXFileReference; lastKnownFileType = sourcecode.swift; path = ViewController.swift; sourceTree = "<group>"; };
		7DD9A97420E10AD8000D1AEC /* Base */ = {isa = PBXFileReference; lastKnownFileType = file.storyboard; name = Base; path = Base.lproj/Main.storyboard; sourceTree = "<group>"; };
		7DD9A97720E10AD8000D1AEC /* aula13.xcdatamodel */ = {isa = PBXFileReference; lastKnownFileType = wrapper.xcdatamodel; path = aula13.xcdatamodel; sourceTree = "<group>"; };
		7DD9A97920E10ADA000D1AEC /* Assets.xcassets */ = {isa = PBXFileReference; lastKnownFileType = folder.assetcatalog; path = Assets.xcassets; sourceTree = "<group>"; };
		7DD9A97C20E10ADA000D1AEC /* Base */ = {isa = PBXFileReference; lastKnownFileType = file.storyboard; name = Base; path = Base.lproj/LaunchScreen.storyboard; sourceTree = "<group>"; };
		7DD9A97E20E10ADA000D1AEC /* Info.plist */ = {isa = PBXFileReference; lastKnownFileType = text.plist.xml; path = Info.plist; sourceTree = "<group>"; };
/* End PBXFileReference section */

/* Begin PBXFrameworksBuildPhase section */
		7DD9A96920E10AD8000D1AEC /* Frameworks */ = {
			isa = PBXFrameworksBuildPhase;
			buildActionMask = 2147483647;
			files = (
			);
			runOnlyForDeploymentPostprocessing = 0;
		};
/* End PBXFrameworksBuildPhase section */

/* Begin PBXGroup section */
		7DD9A96320E10AD8000D1AEC = {
			isa = PBXGroup;
			children = (
				7DD9A96E20E10AD8000D1AEC /* aula13 */,
				7DD9A96D20E10AD8000D1AEC /* Products */,
			);
			sourceTree = "<group>";
		};
		7DD9A96D20E10AD8000D1AEC /* Products */ = {
			isa = PBXGroup;
			children = (
				7DD9A96C20E10AD8000D1AEC /* aula13.app */,
			);
			name = Products;
			sourceTree = "<group>";
		};
		7DD9A96E20E10AD8000D1AEC /* aula13 */ = {
			isa = PBXGroup;
			children = (
				7DD9A96F20E10AD8000D1AEC /* AppDelegate.swift */,
				7DD9A97120E10AD8000D1AEC /* ViewController.swift */,
				7DD9A97320E10AD8000D1AEC /* Main.storyboard */,
				7DD9A97920E10ADA000D1AEC /* Assets.xcassets */,
				7DD9A97B20E10ADA000D1AEC /* LaunchScreen.storyboard */,
				7DD9A97E20E10ADA000D1AEC /* Info.plist */,
				7DD9A97620E10AD8000D1AEC /* aula13.xcdatamodeld */,
			);
			path = aula13;
			sourceTree = "<group>";
		};
/* End PBXGroup section */

/* Begin PBXNativeTarget section */
		7DD9A96B20E10AD8000D1AEC /* aula13 */ = {
			isa = PBXNativeTarget;
			buildConfigurationList = 7DD9A98120E10ADA000D1AEC /* Build configuration list for PBXNativeTarget "aula13" */;
			buildPhases = (
				7DD9A96820E10AD8000D1AEC /* Sources */,
				7DD9A96920E10AD8000D1AEC /* Frameworks */,
				7DD9A96A20E10AD8000D1AEC /* Resources */,
			);
			buildRules = (
			);
			dependencies = (
			);
			name = aula13;
			productName = aula13;
			productReference = 7DD9A96C20E10AD8000D1AEC /* aula13.app */;
			productType = "com.apple.product-type.application";
		};
/* End PBXNativeTarget section */

/* Begin PBXProject section */
		7DD9A96420E10AD8000D1AEC /* Project object */ = {
			isa = PBXProject;
			attributes = {
				LastSwiftUpdateCheck = 0930;
				LastUpgradeCheck = 0930;
				ORGANIZATIONNAME = "Bruno Clarindo Rabelo Sesterheim";
				TargetAttributes = {
					7DD9A96B20E10AD8000D1AEC = {
						CreatedOnToolsVersion = 9.3;
					};
				};
			};
			buildConfigurationList = 7DD9A96720E10AD8000D1AEC /* Build configuration list for PBXProject "aula13" */;
			compatibilityVersion = "Xcode 9.3";
			developmentRegion = en;
			hasScannedForEncodings = 0;
			knownRegions = (
				en,
				Base,
			);
			mainGroup = 7DD9A96320E10AD8000D1AEC;
			productRefGroup = 7DD9A96D20E10AD8000D1AEC /* Products */;
			projectDirPath = "";
			projectRoot = "";
			targets = (
				7DD9A96B20E10AD8000D1AEC /* aula13 */,
			);
		};
/* End PBXProject section */

/* Begin PBXResourcesBuildPhase section */
		7DD9A96A20E10AD8000D1AEC /* Resources */ = {
			isa = PBXResourcesBuildPhase;
			buildActionMask = 2147483647;
			files = (
				7DD9A97D20E10ADA000D1AEC /* LaunchScreen.storyboard in Resources */,
				7DD9A97A20E10ADA000D1AEC /* Assets.xcassets in Resources */,
				7DD9A97520E10AD8000D1AEC /* Main.storyboard in Resources */,
			);
			runOnlyForDeploymentPostprocessing = 0;
		};
/* End PBXResourcesBuildPhase section */

/* Begin PBXSourcesBuildPhase section */
		7DD9A96820E10AD8000D1AEC /* Sources */ = {
			isa = PBXSourcesBuildPhase;
			buildActionMask = 2147483647;
			files = (
				7DD9A97220E10AD8000D1AEC /* ViewController.swift in Sources */,
				7DD9A97820E10AD8000D1AEC /* aula13.xcdatamodeld in Sources */,
				7DD9A97020E10AD8000D1AEC /* AppDelegate.swift in Sources */,
			);
			runOnlyForDeploymentPostprocessing = 0;
		};
/* End PBXSourcesBuildPhase section */

/* Begin PBXVariantGroup section */
		7DD9A97320E10AD8000D1AEC /* Main.storyboard */ = {
			isa = PBXVariantGroup;
			children = (
				7DD9A97420E10AD8000D1AEC /* Base */,
			);
			name = Main.storyboard;
			sourceTree = "<group>";
		};
		7DD9A97B20E10ADA000D1AEC /* LaunchScreen.storyboard */ = {
			isa = PBXVariantGroup;
			children = (
				7DD9A97C20E10ADA000D1AEC /* Base */,
			);
			name = LaunchScreen.storyboard;
			sourceTree = "<group>";
		};
/* End PBXVariantGroup section */

/* Begin XCBuildConfiguration section */
		7DD9A97F20E10ADA000D1AEC /* Debug */ = {
			isa = XCBuildConfiguration;
			buildSettings = {
				ALWAYS_SEARCH_USER_PATHS = NO;
				CLANG_ANALYZER_NONNULL = YES;
				CLANG_ANALYZER_NUMBER_OBJECT_CONVERSION = YES_AGGRESSIVE;
				CLANG_CXX_LANGUAGE_STANDARD = "gnu++14";
				CLANG_CXX_LIBRARY = "libc++";
				CLANG_ENABLE_MODULES = YES;
				CLANG_ENABLE_OBJC_ARC = YES;
				CLANG_ENABLE_OBJC_WEAK = YES;
				CLANG_WARN_BLOCK_CAPTURE_AUTORELEASING = YES;
				CLANG_WARN_BOOL_CONVERSION = YES;
				CLANG_WARN_COMMA = YES;
				CLANG_WARN_CONSTANT_CONVERSION = YES;
				CLANG_WARN_DEPRECATED_OBJC_IMPLEMENTATIONS = YES;
				CLANG_WARN_DIRECT_OBJC_ISA_USAGE = YES_ERROR;
				CLANG_WARN_DOCUMENTATION_COMMENTS = YES;
				CLANG_WARN_EMPTY_BODY = YES;
				CLANG_WARN_ENUM_CONVERSION = YES;
				CLANG_WARN_INFINITE_RECURSION = YES;
				CLANG_WARN_INT_CONVERSION = YES;
				CLANG_WARN_NON_LITERAL_NULL_CONVERSION = YES;
				CLANG_WARN_OBJC_IMPLICIT_RETAIN_SELF = YES;
				CLANG_WARN_OBJC_LITERAL_CONVERSION = YES;
				CLANG_WARN_OBJC_ROOT_CLASS = YES_ERROR;
				CLANG_WARN_RANGE_LOOP_ANALYSIS = YES;
				CLANG_WARN_STRICT_PROTOTYPES = YES;
				CLANG_WARN_SUSPICIOUS_MOVE = YES;
				CLANG_WARN_UNGUARDED_AVAILABILITY = YES_AGGRESSIVE;
				CLANG_WARN_UNREACHABLE_CODE = YES;
				CLANG_WARN__DUPLICATE_METHOD_MATCH = YES;
				CODE_SIGN_IDENTITY = "iPhone Developer";
				COPY_PHASE_STRIP = NO;
				DEBUG_INFORMATION_FORMAT = dwarf;
				ENABLE_STRICT_OBJC_MSGSEND = YES;
				ENABLE_TESTABILITY = YES;
				GCC_C_LANGUAGE_STANDARD = gnu11;
				GCC_DYNAMIC_NO_PIC = NO;
				GCC_NO_COMMON_BLOCKS = YES;
				GCC_OPTIMIZATION_LEVEL = 0;
				GCC_PREPROCESSOR_DEFINITIONS = (
					"DEBUG=1",
					"$(inherited)",
				);
				GCC_WARN_64_TO_32_BIT_CONVERSION = YES;
				GCC_WARN_ABOUT_RETURN_TYPE = YES_ERROR;
				GCC_WARN_UNDECLARED_SELECTOR = YES;
				GCC_WARN_UNINITIALIZED_AUTOS = YES_AGGRESSIVE;
				GCC_WARN_UNUSED_FUNCTION = YES;
				GCC_WARN_UNUSED_VARIABLE = YES;
				IPHONEOS_DEPLOYMENT_TARGET = 11.3;
				MTL_ENABLE_DEBUG_INFO = YES;
				ONLY_ACTIVE_ARCH = YES;
				SDKROOT = iphoneos;
				SWIFT_ACTIVE_COMPILATION_CONDITIONS = DEBUG;
				SWIFT_OPTIMIZATION_LEVEL = "-Onone";
			};
			name = Debug;
		};
		7DD9A98020E10ADA000D1AEC /* Release */ = {
			isa = XCBuildConfiguration;
			buildSettings = {
				ALWAYS_SEARCH_USER_PATHS = NO;
				CLANG_ANALYZER_NONNULL = YES;
				CLANG_ANALYZER_NUMBER_OBJECT_CONVERSION = YES_AGGRESSIVE;
				CLANG_CXX_LANGUAGE_STANDARD = "gnu++14";
				CLANG_CXX_LIBRARY = "libc++";
				CLANG_ENABLE_MODULES = YES;
				CLANG_ENABLE_OBJC_ARC = YES;
				CLANG_ENABLE_OBJC_WEAK = YES;
				CLANG_WARN_BLOCK_CAPTURE_AUTORELEASING = YES;
				CLANG_WARN_BOOL_CONVERSION = YES;
				CLANG_WARN_COMMA = YES;
				CLANG_WARN_CONSTANT_CONVERSION = YES;
				CLANG_WARN_DEPRECATED_OBJC_IMPLEMENTATIONS = YES;
				CLANG_WARN_DIRECT_OBJC_ISA_USAGE = YES_ERROR;
				CLANG_WARN_DOCUMENTATION_COMMENTS = YES;
				CLANG_WARN_EMPTY_BODY = YES;
				CLANG_WARN_ENUM_CONVERSION = YES;
				CLANG_WARN_INFINITE_RECURSION = YES;
				CLANG_WARN_INT_CONVERSION = YES;
				CLANG_WARN_NON_LITERAL_NULL_CONVERSION = YES;
				CLANG_WARN_OBJC_IMPLICIT_RETAIN_SELF = YES;
				CLANG_WARN_OBJC_LITERAL_CONVERSION = YES;
				CLANG_WARN_OBJC_ROOT_CLASS = YES_ERROR;
				CLANG_WARN_RANGE_LOOP_ANALYSIS = YES;
				CLANG_WARN_STRICT_PROTOTYPES = YES;
				CLANG_WARN_SUSPICIOUS_MOVE = YES;
				CLANG_WARN_UNGUARDED_AVAILABILITY = YES_AGGRESSIVE;
				CLANG_WARN_UNREACHABLE_CODE = YES;
				CLANG_WARN__DUPLICATE_METHOD_MATCH = YES;
				CODE_SIGN_IDENTITY = "iPhone Developer";
				COPY_PHASE_STRIP = NO;
				DEBUG_INFORMATION_FORMAT = "dwarf-with-dsym";
				ENABLE_NS_ASSERTIONS = NO;
				ENABLE_STRICT_OBJC_MSGSEND = YES;
				GCC_C_LANGUAGE_STANDARD = gnu11;
				GCC_NO_COMMON_BLOCKS = YES;
				GCC_WARN_64_TO_32_BIT_CONVERSION = YES;
				GCC_WARN_ABOUT_RETURN_TYPE = YES_ERROR;
				GCC_WARN_UNDECLARED_SELECTOR = YES;
				GCC_WARN_UNINITIALIZED_AUTOS = YES_AGGRESSIVE;
				GCC_WARN_UNUSED_FUNCTION = YES;
				GCC_WARN_UNUSED_VARIABLE = YES;
				IPHONEOS_DEPLOYMENT_TARGET = 11.3;
				MTL_ENABLE_DEBUG_INFO = NO;
				SDKROOT = iphoneos;
				SWIFT_COMPILATION_MODE = wholemodule;
				SWIFT_OPTIMIZATION_LEVEL = "-O";
				VALIDATE_PRODUCT = YES;
			};
			name = Release;
		};
		7DD9A98220E10ADA000D1AEC /* Debug */ = {
			isa = XCBuildConfiguration;
			buildSettings = {
				ASSETCATALOG_COMPILER_APPICON_NAME = AppIcon;
				CODE_SIGN_STYLE = Automatic;
				INFOPLIST_FILE = aula13/Info.plist;
				LD_RUNPATH_SEARCH_PATHS = (
					"$(inherited)",
					"@executable_path/Frameworks",
				);
				PRODUCT_BUNDLE_IDENTIFIER = bruno.sesterheim.aula13;
				PRODUCT_NAME = "$(TARGET_NAME)";
				SWIFT_VERSION = 4.0;
				TARGETED_DEVICE_FAMILY = "1,2";
			};
			name = Debug;
		};
		7DD9A98320E10ADA000D1AEC /* Release */ = {
			isa = XCBuildConfiguration;
			buildSettings = {
				ASSETCATALOG_COMPILER_APPICON_NAME = AppIcon;
				CODE_SIGN_STYLE = Automatic;
				INFOPLIST_FILE = aula13/Info.plist;
				LD_RUNPATH_SEARCH_PATHS = (
					"$(inherited)",
					"@executable_path/Frameworks",
				);
				PRODUCT_BUNDLE_IDENTIFIER = bruno.sesterheim.aula13;
				PRODUCT_NAME = "$(TARGET_NAME)";
				SWIFT_VERSION = 4.0;
				TARGETED_DEVICE_FAMILY = "1,2";
			};
			name = Release;
		};
/* End XCBuildConfiguration section */

/* Begin XCConfigurationList section */
		7DD9A96720E10AD8000D1AEC /* Build configuration list for PBXProject "aula13" */ = {
			isa = XCConfigurationList;
			buildConfigurations = (
				7DD9A97F20E10ADA000D1AEC /* Debug */,
				7DD9A98020E10ADA000D1AEC /* Release */,
			);
			defaultConfigurationIsVisible = 0;
			defaultConfigurationName = Release;
		};
		7DD9A98120E10ADA000D1AEC /* Build configuration list for PBXNativeTarget "aula13" */ = {
			isa = XCConfigurationList;
			buildConfigurations = (
				7DD9A98220E10ADA000D1AEC /* Debug */,
				7DD9A98320E10ADA000D1AEC /* Release */,
			);
			defaultConfigurationIsVisible = 0;
			defaultConfigurationName = Release;
		};
/* End XCConfigurationList section */

/* Begin XCVersionGroup section */
		7DD9A97620E10AD8000D1AEC /* aula13.xcdatamodeld */ = {
			isa = XCVersionGroup;
			children = (
				7DD9A97720E10AD8000D1AEC /* aula13.xcdatamodel */,
			);
			currentVersion = 7DD9A97720E10AD8000D1AEC /* aula13.xcdatamodel */;
			path = aula13.xcdatamodeld;
			sourceTree = "<group>";
			versionGroupType = wrapper.xcdatamodel;
		};
/* End XCVersionGroup section */
	};
	rootObject = 7DD9A96420E10AD8000D1AEC /* Project object */;
}
